Microsoft Visual Studio Solution File, Format Version 12.00
# Visual Studio 15
VisualStudioVersion = 15.0.27130.2010
MinimumVisualStudioVersion = 15.0.26124.0
Project("{9A19103F-16F7-4668-BE54-9A1E7A4F7556}") = "YourBudget.Core", "YourBudget.Core\YourBudget.Core.csproj", "{4EF6D575-9EEE-4DAD-877D-1A12BC6FE406}"
EndProject
Project("{9A19103F-16F7-4668-BE54-9A1E7A4F7556}") = "YourBudget.Infrastructure", "YourBudget.Infrastructure\YourBudget.Infrastructure.csproj", "{036C82FE-24CE-4C0C-B2B4-C3873E196DA9}"
EndProject
Project("{9A19103F-16F7-4668-BE54-9A1E7A4F7556}") = "YourBudget.Api", "YourBudget.Api\YourBudget.Api.csproj", "{8168274A-D5B3-44A1-9873-A69585B13624}"
EndProject
Project("{9A19103F-16F7-4668-BE54-9A1E7A4F7556}") = "YourBudget.Tests", "YourBudget.Tests\YourBudget.Tests.csproj", "{C69F386D-86A6-4FE4-AC15-606787FE83F6}"
EndProject
Project("{9A19103F-16F7-4668-BE54-9A1E7A4F7556}") = "YourBudget.Tests.EndToEnd", "YourBudget.Tests.EndToEnd\YourBudget.Tests.EndToEnd.csproj", "{8319044A-86F7-446C-88F1-C08A248D6D89}"
EndProject
Project("{2150E333-8FDC-42A3-9474-1A3956D46DE8}") = "_scripts", "_scripts", "{61056F0C-98AC-47D3-B4F7-FFA899F3E134}"
	ProjectSection(SolutionItems) = preProject
		start.bat = start.bat
		test.bat = test.bat
	EndProjectSection
EndProject
Global
	GlobalSection(SolutionConfigurationPlatforms) = preSolution
		Debug|Any CPU = Debug|Any CPU
		Debug|x64 = Debug|x64
		Debug|x86 = Debug|x86
		Release|Any CPU = Release|Any CPU
		Release|x64 = Release|x64
		Release|x86 = Release|x86
	EndGlobalSection
	GlobalSection(ProjectConfigurationPlatforms) = postSolution
		{4EF6D575-9EEE-4DAD-877D-1A12BC6FE406}.Debug|Any CPU.ActiveCfg = Debug|Any CPU
		{4EF6D575-9EEE-4DAD-877D-1A12BC6FE406}.Debug|Any CPU.Build.0 = Debug|Any CPU
		{4EF6D575-9EEE-4DAD-877D-1A12BC6FE406}.Debug|x64.ActiveCfg = Debug|Any CPU
		{4EF6D575-9EEE-4DAD-877D-1A12BC6FE406}.Debug|x64.Build.0 = Debug|Any CPU
		{4EF6D575-9EEE-4DAD-877D-1A12BC6FE406}.Debug|x86.ActiveCfg = Debug|Any CPU
		{4EF6D575-9EEE-4DAD-877D-1A12BC6FE406}.Debug|x86.Build.0 = Debug|Any CPU
		{4EF6D575-9EEE-4DAD-877D-1A12BC6FE406}.Release|Any CPU.ActiveCfg = Release|Any CPU
		{4EF6D575-9EEE-4DAD-877D-1A12BC6FE406}.Release|Any CPU.Build.0 = Release|Any CPU
		{4EF6D575-9EEE-4DAD-877D-1A12BC6FE406}.Release|x64.ActiveCfg = Release|Any CPU
		{4EF6D575-9EEE-4DAD-877D-1A12BC6FE406}.Release|x64.Build.0 = Release|Any CPU
		{4EF6D575-9EEE-4DAD-877D-1A12BC6FE406}.Release|x86.ActiveCfg = Release|Any CPU
		{4EF6D575-9EEE-4DAD-877D-1A12BC6FE406}.Release|x86.Build.0 = Release|Any CPU
		{036C82FE-24CE-4C0C-B2B4-C3873E196DA9}.Debug|Any CPU.ActiveCfg = Debug|Any CPU
		{036C82FE-24CE-4C0C-B2B4-C3873E196DA9}.Debug|Any CPU.Build.0 = Debug|Any CPU
		{036C82FE-24CE-4C0C-B2B4-C3873E196DA9}.Debug|x64.ActiveCfg = Debug|Any CPU
		{036C82FE-24CE-4C0C-B2B4-C3873E196DA9}.Debug|x64.Build.0 = Debug|Any CPU
		{036C82FE-24CE-4C0C-B2B4-C3873E196DA9}.Debug|x86.ActiveCfg = Debug|Any CPU
		{036C82FE-24CE-4C0C-B2B4-C3873E196DA9}.Debug|x86.Build.0 = Debug|Any CPU
		{036C82FE-24CE-4C0C-B2B4-C3873E196DA9}.Release|Any CPU.ActiveCfg = Release|Any CPU
		{036C82FE-24CE-4C0C-B2B4-C3873E196DA9}.Release|Any CPU.Build.0 = Release|Any CPU
		{036C82FE-24CE-4C0C-B2B4-C3873E196DA9}.Release|x64.ActiveCfg = Release|Any CPU
		{036C82FE-24CE-4C0C-B2B4-C3873E196DA9}.Release|x64.Build.0 = Release|Any CPU
		{036C82FE-24CE-4C0C-B2B4-C3873E196DA9}.Release|x86.ActiveCfg = Release|Any CPU
		{036C82FE-24CE-4C0C-B2B4-C3873E196DA9}.Release|x86.Build.0 = Release|Any CPU
		{8168274A-D5B3-44A1-9873-A69585B13624}.Debug|Any CPU.ActiveCfg = Debug|Any CPU
		{8168274A-D5B3-44A1-9873-A69585B13624}.Debug|Any CPU.Build.0 = Debug|Any CPU
		{8168274A-D5B3-44A1-9873-A69585B13624}.Debug|x64.ActiveCfg = Debug|Any CPU
		{8168274A-D5B3-44A1-9873-A69585B13624}.Debug|x64.Build.0 = Debug|Any CPU
		{8168274A-D5B3-44A1-9873-A69585B13624}.Debug|x86.ActiveCfg = Debug|Any CPU
		{8168274A-D5B3-44A1-9873-A69585B13624}.Debug|x86.Build.0 = Debug|Any CPU
		{8168274A-D5B3-44A1-9873-A69585B13624}.Release|Any CPU.ActiveCfg = Release|Any CPU
		{8168274A-D5B3-44A1-9873-A69585B13624}.Release|Any CPU.Build.0 = Release|Any CPU
		{8168274A-D5B3-44A1-9873-A69585B13624}.Release|x64.ActiveCfg = Release|Any CPU
		{8168274A-D5B3-44A1-9873-A69585B13624}.Release|x64.Build.0 = Release|Any CPU
		{8168274A-D5B3-44A1-9873-A69585B13624}.Release|x86.ActiveCfg = Release|Any CPU
		{8168274A-D5B3-44A1-9873-A69585B13624}.Release|x86.Build.0 = Release|Any CPU
		{C69F386D-86A6-4FE4-AC15-606787FE83F6}.Debug|Any CPU.ActiveCfg = Debug|Any CPU
		{C69F386D-86A6-4FE4-AC15-606787FE83F6}.Debug|Any CPU.Build.0 = Debug|Any CPU
		{C69F386D-86A6-4FE4-AC15-606787FE83F6}.Debug|x64.ActiveCfg = Debug|Any CPU
		{C69F386D-86A6-4FE4-AC15-606787FE83F6}.Debug|x64.Build.0 = Debug|Any CPU
		{C69F386D-86A6-4FE4-AC15-606787FE83F6}.Debug|x86.ActiveCfg = Debug|Any CPU
		{C69F386D-86A6-4FE4-AC15-606787FE83F6}.Debug|x86.Build.0 = Debug|Any CPU
		{C69F386D-86A6-4FE4-AC15-606787FE83F6}.Release|Any CPU.ActiveCfg = Release|Any CPU
		{C69F386D-86A6-4FE4-AC15-606787FE83F6}.Release|Any CPU.Build.0 = Release|Any CPU
		{C69F386D-86A6-4FE4-AC15-606787FE83F6}.Release|x64.ActiveCfg = Release|Any CPU
		{C69F386D-86A6-4FE4-AC15-606787FE83F6}.Release|x64.Build.0 = Release|Any CPU
		{C69F386D-86A6-4FE4-AC15-606787FE83F6}.Release|x86.ActiveCfg = Release|Any CPU
		{C69F386D-86A6-4FE4-AC15-606787FE83F6}.Release|x86.Build.0 = Release|Any CPU
		{8319044A-86F7-446C-88F1-C08A248D6D89}.Debug|Any CPU.ActiveCfg = Debug|Any CPU
		{8319044A-86F7-446C-88F1-C08A248D6D89}.Debug|Any CPU.Build.0 = Debug|Any CPU
		{8319044A-86F7-446C-88F1-C08A248D6D89}.Debug|x64.ActiveCfg = Debug|Any CPU
		{8319044A-86F7-446C-88F1-C08A248D6D89}.Debug|x64.Build.0 = Debug|Any CPU
		{8319044A-86F7-446C-88F1-C08A248D6D89}.Debug|x86.ActiveCfg = Debug|Any CPU
		{8319044A-86F7-446C-88F1-C08A248D6D89}.Debug|x86.Build.0 = Debug|Any CPU
		{8319044A-86F7-446C-88F1-C08A248D6D89}.Release|Any CPU.ActiveCfg = Release|Any CPU
		{8319044A-86F7-446C-88F1-C08A248D6D89}.Release|Any CPU.Build.0 = Release|Any CPU
		{8319044A-86F7-446C-88F1-C08A248D6D89}.Release|x64.ActiveCfg = Release|Any CPU
		{8319044A-86F7-446C-88F1-C08A248D6D89}.Release|x64.Build.0 = Release|Any CPU
		{8319044A-86F7-446C-88F1-C08A248D6D89}.Release|x86.ActiveCfg = Release|Any CPU
		{8319044A-86F7-446C-88F1-C08A248D6D89}.Release|x86.Build.0 = Release|Any CPU
	EndGlobalSection
	GlobalSection(SolutionProperties) = preSolution
		HideSolutionNode = FALSE
	EndGlobalSection
	GlobalSection(ExtensibilityGlobals) = postSolution
		SolutionGuid = {5D4D24D0-FA65-4078-98C2-530AB8008417}
	EndGlobalSection
EndGlobal
